
Microsoft Visual Studio Solution File, Format Version 12.00
Project("{FAE04EC0-301F-11D3-BF4B-00C04F79EFBC}") = "ChatAgregator2", "ChatAgregator2.csproj", "{350C12FD-FD8A-4E2B-8AF5-B7F17D047670}"
EndProject
Global
	GlobalSection(SolutionConfigurationPlatforms) = preSolution
		Debug|Any CPU = Debug|Any CPU
		Release|Any CPU = Release|Any CPU
	EndGlobalSection
	GlobalSection(ProjectConfigurationPlatforms) = postSolution
		{350C12FD-FD8A-4E2B-8AF5-B7F17D047670}.Debug|Any CPU.ActiveCfg = Debug|Any CPU
		{350C12FD-FD8A-4E2B-8AF5-B7F17D047670}.Debug|Any CPU.Build.0 = Debug|Any CPU
		{350C12FD-FD8A-4E2B-8AF5-B7F17D047670}.Release|Any CPU.ActiveCfg = Release|Any CPU
		{350C12FD-FD8A-4E2B-8AF5-B7F17D047670}.Release|Any CPU.Build.0 = Release|Any CPU
	EndGlobalSection
EndGlobal
